
Microsoft Visual Studio Solution File, Format Version 12.00
# Visual Studio 14
VisualStudioVersion = 14.0.25420.1
MinimumVisualStudioVersion = 10.0.40219.1
Project("{FAE04EC0-301F-11D3-BF4B-00C04F79EFBC}") = "TDC", "TDC\TDC.csproj", "{D3A93D6B-F81D-4D2A-9924-9B1395291157}"
EndProject
Global
	GlobalSection(SolutionConfigurationPlatforms) = preSolution
		Debug|Any CPU = Debug|Any CPU
		Release|Any CPU = Release|Any CPU
	EndGlobalSection
	GlobalSection(ProjectConfigurationPlatforms) = postSolution
		{D3A93D6B-F81D-4D2A-9924-9B1395291157}.Debug|Any CPU.ActiveCfg = Debug|Any CPU
		{D3A93D6B-F81D-4D2A-9924-9B1395291157}.Debug|Any CPU.Build.0 = Debug|Any CPU
		{D3A93D6B-F81D-4D2A-9924-9B1395291157}.Release|Any CPU.ActiveCfg = Release|Any CPU
		{D3A93D6B-F81D-4D2A-9924-9B1395291157}.Release|Any CPU.Build.0 = Release|Any CPU
	EndGlobalSection
	GlobalSection(SolutionProperties) = preSolution
		HideSolutionNode = FALSE
	EndGlobalSection
EndGlobal
